
Microsoft Visual Studio Solution File, Format Version 12.00
# Visual Studio Version 17
VisualStudioVersion = 17.5.33627.172
MinimumVisualStudioVersion = 10.0.40219.1
Project("{FAE04EC0-301F-11D3-BF4B-00C04F79EFBC}") = "WpfApp3", "WpfApp3.csproj", "{2B4BFEF3-306D-4DC6-AA2A-C54B42713714}"
EndProject
Global
	GlobalSection(SolutionConfigurationPlatforms) = preSolution
		Debug|Any CPU = Debug|Any CPU
		Release|Any CPU = Release|Any CPU
	EndGlobalSection
	GlobalSection(ProjectConfigurationPlatforms) = postSolution
		{2B4BFEF3-306D-4DC6-AA2A-C54B42713714}.Debug|Any CPU.ActiveCfg = Debug|Any CPU
		{2B4BFEF3-306D-4DC6-AA2A-C54B42713714}.Debug|Any CPU.Build.0 = Debug|Any CPU
		{2B4BFEF3-306D-4DC6-AA2A-C54B42713714}.Release|Any CPU.ActiveCfg = Release|Any CPU
		{2B4BFEF3-306D-4DC6-AA2A-C54B42713714}.Release|Any CPU.Build.0 = Release|Any CPU
	EndGlobalSection
	GlobalSection(SolutionProperties) = preSolution
		HideSolutionNode = FALSE
	EndGlobalSection
	GlobalSection(ExtensibilityGlobals) = postSolution
		SolutionGuid = {7694DCF7-4683-4D83-AC86-67D25AD15C30}
	EndGlobalSection
EndGlobal
